
Microsoft Visual Studio Solution File, Format Version 12.00
# Visual Studio Version 17
VisualStudioVersion = 17.10.35027.167
MinimumVisualStudioVersion = 10.0.40219.1
Project("{888888A0-9F3D-457C-B088-3A5042F75D52}") = "ForexTutorBot", "ForexTutorBot\ForexTutorBot.pyproj", "{CA9302B7-2163-4AF4-A858-2F024F2A8A93}"
EndProject
Global
	GlobalSection(SolutionConfigurationPlatforms) = preSolution
		Debug|Any CPU = Debug|Any CPU
		Release|Any CPU = Release|Any CPU
	EndGlobalSection
	GlobalSection(ProjectConfigurationPlatforms) = postSolution
		{CA9302B7-2163-4AF4-A858-2F024F2A8A93}.Debug|Any CPU.ActiveCfg = Debug|Any CPU
		{CA9302B7-2163-4AF4-A858-2F024F2A8A93}.Debug|Any CPU.Build.0 = Debug|Any CPU
		{CA9302B7-2163-4AF4-A858-2F024F2A8A93}.Release|Any CPU.ActiveCfg = Release|Any CPU
		{CA9302B7-2163-4AF4-A858-2F024F2A8A93}.Release|Any CPU.Build.0 = Release|Any CPU
	EndGlobalSection
	GlobalSection(SolutionProperties) = preSolution
		HideSolutionNode = FALSE
	EndGlobalSection
	GlobalSection(ExtensibilityGlobals) = postSolution
		SolutionGuid = {1863C162-140B-4C56-83A8-799688613569}
	EndGlobalSection
EndGlobal
